
Microsoft Visual Studio Solution File, Format Version 12.00
# Visual Studio Version 17
VisualStudioVersion = 17.11.35312.102
MinimumVisualStudioVersion = 10.0.40219.1
Project("{FAE04EC0-301F-11D3-BF4B-00C04F79EFBC}") = "Komalli", "Komalli\Komalli.csproj", "{61292CB3-1748-481A-A174-51EB7ACA3CE7}"
EndProject
Global
	GlobalSection(SolutionConfigurationPlatforms) = preSolution
		Debug|Any CPU = Debug|Any CPU
		Release|Any CPU = Release|Any CPU
	EndGlobalSection
	GlobalSection(ProjectConfigurationPlatforms) = postSolution
		{61292CB3-1748-481A-A174-51EB7ACA3CE7}.Debug|Any CPU.ActiveCfg = Debug|Any CPU
		{61292CB3-1748-481A-A174-51EB7ACA3CE7}.Debug|Any CPU.Build.0 = Debug|Any CPU
		{61292CB3-1748-481A-A174-51EB7ACA3CE7}.Release|Any CPU.ActiveCfg = Release|Any CPU
		{61292CB3-1748-481A-A174-51EB7ACA3CE7}.Release|Any CPU.Build.0 = Release|Any CPU
	EndGlobalSection
	GlobalSection(SolutionProperties) = preSolution
		HideSolutionNode = FALSE
	EndGlobalSection
	GlobalSection(ExtensibilityGlobals) = postSolution
		SolutionGuid = {A7E411FC-109B-4A27-9F67-9CEAA1D8F3E3}
	EndGlobalSection
EndGlobal
